// !$*UTF8*$!
{
	archiveVersion = 1;
	classes = {
	};
	objectVersion = 46;
	objects = {

/* Begin PBXBuildFile section */
		D0EDD9E4B35AB536897D14D1 /* Pods_SimpleTwitterClient.framework in Frameworks */ = {isa = PBXBuildFile; fileRef = E8D12E83E4FD9578B6D5F325 /* Pods_SimpleTwitterClient.framework */; };
		DF0C68F81F79803100AF1037 /* AppDelegate.swift in Sources */ = {isa = PBXBuildFile; fileRef = DF0C68F71F79803100AF1037 /* AppDelegate.swift */; };
		DF0C68FD1F79803100AF1037 /* Main.storyboard in Resources */ = {isa = PBXBuildFile; fileRef = DF0C68FB1F79803100AF1037 /* Main.storyboard */; };
		DF0C68FF1F79803100AF1037 /* Assets.xcassets in Resources */ = {isa = PBXBuildFile; fileRef = DF0C68FE1F79803100AF1037 /* Assets.xcassets */; };
		DF0C69021F79803100AF1037 /* LaunchScreen.storyboard in Resources */ = {isa = PBXBuildFile; fileRef = DF0C69001F79803100AF1037 /* LaunchScreen.storyboard */; };
		DF0C690A1F79821100AF1037 /* LoginViewController.swift in Sources */ = {isa = PBXBuildFile; fileRef = DF0C69091F79821100AF1037 /* LoginViewController.swift */; };
		DF0C690F1F79AD4E00AF1037 /* User.swift in Sources */ = {isa = PBXBuildFile; fileRef = DF0C690E1F79AD4E00AF1037 /* User.swift */; };
		DF0C69111F79B09F00AF1037 /* Tweet.swift in Sources */ = {isa = PBXBuildFile; fileRef = DF0C69101F79B09F00AF1037 /* Tweet.swift */; };
		DF0C69131F79B75000AF1037 /* TwitterClient.swift in Sources */ = {isa = PBXBuildFile; fileRef = DF0C69121F79B75000AF1037 /* TwitterClient.swift */; };
/* End PBXBuildFile section */

/* Begin PBXFileReference section */
		A4FE5BE1C6DAB9DAFB207311 /* Pods-SimpleTwitterClient.debug.xcconfig */ = {isa = PBXFileReference; includeInIndex = 1; lastKnownFileType = text.xcconfig; name = "Pods-SimpleTwitterClient.debug.xcconfig"; path = "Pods/Target Support Files/Pods-SimpleTwitterClient/Pods-SimpleTwitterClient.debug.xcconfig"; sourceTree = "<group>"; };
		BB2AED4CE675E87B3D77DCFD /* Pods-SimpleTwitterClient.release.xcconfig */ = {isa = PBXFileReference; includeInIndex = 1; lastKnownFileType = text.xcconfig; name = "Pods-SimpleTwitterClient.release.xcconfig"; path = "Pods/Target Support Files/Pods-SimpleTwitterClient/Pods-SimpleTwitterClient.release.xcconfig"; sourceTree = "<group>"; };
		DF0C68F41F79803100AF1037 /* SimpleTwitterClient.app */ = {isa = PBXFileReference; explicitFileType = wrapper.application; includeInIndex = 0; path = SimpleTwitterClient.app; sourceTree = BUILT_PRODUCTS_DIR; };
		DF0C68F71F79803100AF1037 /* AppDelegate.swift */ = {isa = PBXFileReference; lastKnownFileType = sourcecode.swift; path = AppDelegate.swift; sourceTree = "<group>"; };
		DF0C68FC1F79803100AF1037 /* Base */ = {isa = PBXFileReference; lastKnownFileType = file.storyboard; name = Base; path = Base.lproj/Main.storyboard; sourceTree = "<group>"; };
		DF0C68FE1F79803100AF1037 /* Assets.xcassets */ = {isa = PBXFileReference; lastKnownFileType = folder.assetcatalog; path = Assets.xcassets; sourceTree = "<group>"; };
		DF0C69011F79803100AF1037 /* Base */ = {isa = PBXFileReference; lastKnownFileType = file.storyboard; name = Base; path = Base.lproj/LaunchScreen.storyboard; sourceTree = "<group>"; };
		DF0C69031F79803100AF1037 /* Info.plist */ = {isa = PBXFileReference; lastKnownFileType = text.plist.xml; path = Info.plist; sourceTree = "<group>"; };
		DF0C69091F79821100AF1037 /* LoginViewController.swift */ = {isa = PBXFileReference; fileEncoding = 4; lastKnownFileType = sourcecode.swift; path = LoginViewController.swift; sourceTree = "<group>"; };
		DF0C690E1F79AD4E00AF1037 /* User.swift */ = {isa = PBXFileReference; fileEncoding = 4; lastKnownFileType = sourcecode.swift; path = User.swift; sourceTree = "<group>"; };
		DF0C69101F79B09F00AF1037 /* Tweet.swift */ = {isa = PBXFileReference; fileEncoding = 4; lastKnownFileType = sourcecode.swift; path = Tweet.swift; sourceTree = "<group>"; };
		DF0C69121F79B75000AF1037 /* TwitterClient.swift */ = {isa = PBXFileReference; fileEncoding = 4; lastKnownFileType = sourcecode.swift; path = TwitterClient.swift; sourceTree = "<group>"; };
		E8D12E83E4FD9578B6D5F325 /* Pods_SimpleTwitterClient.framework */ = {isa = PBXFileReference; explicitFileType = wrapper.framework; includeInIndex = 0; path = Pods_SimpleTwitterClient.framework; sourceTree = BUILT_PRODUCTS_DIR; };
/* End PBXFileReference section */

/* Begin PBXFrameworksBuildPhase section */
		DF0C68F11F79803100AF1037 /* Frameworks */ = {
			isa = PBXFrameworksBuildPhase;
			buildActionMask = 2147483647;
			files = (
				D0EDD9E4B35AB536897D14D1 /* Pods_SimpleTwitterClient.framework in Frameworks */,
			);
			runOnlyForDeploymentPostprocessing = 0;
		};
/* End PBXFrameworksBuildPhase section */

/* Begin PBXGroup section */
		1E057965C3888B5D15DFB0DC /* Frameworks */ = {
			isa = PBXGroup;
			children = (
				E8D12E83E4FD9578B6D5F325 /* Pods_SimpleTwitterClient.framework */,
			);
			name = Frameworks;
			sourceTree = "<group>";
		};
		DF0C68EB1F79803100AF1037 = {
			isa = PBXGroup;
			children = (
				DF0C68F61F79803100AF1037 /* SimpleTwitterClient */,
				DF0C68F51F79803100AF1037 /* Products */,
				E4AA6C263DE5E58BA079863A /* Pods */,
				1E057965C3888B5D15DFB0DC /* Frameworks */,
			);
			sourceTree = "<group>";
		};
		DF0C68F51F79803100AF1037 /* Products */ = {
			isa = PBXGroup;
			children = (
				DF0C68F41F79803100AF1037 /* SimpleTwitterClient.app */,
			);
			name = Products;
			sourceTree = "<group>";
		};
		DF0C68F61F79803100AF1037 /* SimpleTwitterClient */ = {
			isa = PBXGroup;
			children = (
				DF0C690B1F79AD1500AF1037 /* API */,
				DF0C690D1F79AD3700AF1037 /* Models */,
				DF0C690C1F79AD2000AF1037 /* View Controllers */,
				DF0C68F71F79803100AF1037 /* AppDelegate.swift */,
				DF0C68FB1F79803100AF1037 /* Main.storyboard */,
				DF0C68FE1F79803100AF1037 /* Assets.xcassets */,
				DF0C69001F79803100AF1037 /* LaunchScreen.storyboard */,
				DF0C69031F79803100AF1037 /* Info.plist */,
			);
			path = SimpleTwitterClient;
			sourceTree = "<group>";
		};
		DF0C690B1F79AD1500AF1037 /* API */ = {
			isa = PBXGroup;
			children = (
				DF0C69121F79B75000AF1037 /* TwitterClient.swift */,
			);
			name = API;
			sourceTree = "<group>";
		};
		DF0C690C1F79AD2000AF1037 /* View Controllers */ = {
			isa = PBXGroup;
			children = (
				DF0C69091F79821100AF1037 /* LoginViewController.swift */,
			);
			name = "View Controllers";
			sourceTree = "<group>";
		};
		DF0C690D1F79AD3700AF1037 /* Models */ = {
			isa = PBXGroup;
			children = (
				DF0C690E1F79AD4E00AF1037 /* User.swift */,
				DF0C69101F79B09F00AF1037 /* Tweet.swift */,
			);
			name = Models;
			sourceTree = "<group>";
		};
		E4AA6C263DE5E58BA079863A /* Pods */ = {
			isa = PBXGroup;
			children = (
				A4FE5BE1C6DAB9DAFB207311 /* Pods-SimpleTwitterClient.debug.xcconfig */,
				BB2AED4CE675E87B3D77DCFD /* Pods-SimpleTwitterClient.release.xcconfig */,
			);
			name = Pods;
			sourceTree = "<group>";
		};
/* End PBXGroup section */

/* Begin PBXNativeTarget section */
		DF0C68F31F79803100AF1037 /* SimpleTwitterClient */ = {
			isa = PBXNativeTarget;
			buildConfigurationList = DF0C69061F79803100AF1037 /* Build configuration list for PBXNativeTarget "SimpleTwitterClient" */;
			buildPhases = (
				557F5E0ADF51A1EE44E041EF /* [CP] Check Pods Manifest.lock */,
				DF0C68F01F79803100AF1037 /* Sources */,
				DF0C68F11F79803100AF1037 /* Frameworks */,
				DF0C68F21F79803100AF1037 /* Resources */,
				6807BA25C51DADC8EAB4559B /* [CP] Embed Pods Frameworks */,
				D022D3DE1B3C3CC87C21A995 /* [CP] Copy Pods Resources */,
			);
			buildRules = (
			);
			dependencies = (
			);
			name = SimpleTwitterClient;
			productName = SimpleTwitterClient;
			productReference = DF0C68F41F79803100AF1037 /* SimpleTwitterClient.app */;
			productType = "com.apple.product-type.application";
		};
/* End PBXNativeTarget section */

/* Begin PBXProject section */
		DF0C68EC1F79803100AF1037 /* Project object */ = {
			isa = PBXProject;
			attributes = {
				LastSwiftUpdateCheck = 0830;
				LastUpgradeCheck = 0830;
				ORGANIZATIONNAME = "Diana Fisher";
				TargetAttributes = {
					DF0C68F31F79803100AF1037 = {
						CreatedOnToolsVersion = 8.3.3;
						DevelopmentTeam = 8F2PWFTJG8;
						ProvisioningStyle = Automatic;
					};
				};
			};
			buildConfigurationList = DF0C68EF1F79803100AF1037 /* Build configuration list for PBXProject "SimpleTwitterClient" */;
			compatibilityVersion = "Xcode 3.2";
			developmentRegion = English;
			hasScannedForEncodings = 0;
			knownRegions = (
				en,
				Base,
			);
			mainGroup = DF0C68EB1F79803100AF1037;
			productRefGroup = DF0C68F51F79803100AF1037 /* Products */;
			projectDirPath = "";
			projectRoot = "";
			targets = (
				DF0C68F31F79803100AF1037 /* SimpleTwitterClient */,
			);
		};
/* End PBXProject section */

/* Begin PBXResourcesBuildPhase section */
		DF0C68F21F79803100AF1037 /* Resources */ = {
			isa = PBXResourcesBuildPhase;
			buildActionMask = 2147483647;
			files = (
				DF0C69021F79803100AF1037 /* LaunchScreen.storyboard in Resources */,
				DF0C68FF1F79803100AF1037 /* Assets.xcassets in Resources */,
				DF0C68FD1F79803100AF1037 /* Main.storyboard in Resources */,
			);
			runOnlyForDeploymentPostprocessing = 0;
		};
/* End PBXResourcesBuildPhase section */

/* Begin PBXShellScriptBuildPhase section */
		557F5E0ADF51A1EE44E041EF /* [CP] Check Pods Manifest.lock */ = {
			isa = PBXShellScriptBuildPhase;
			buildActionMask = 2147483647;
			files = (
			);
			inputPaths = (
				"${PODS_PODFILE_DIR_PATH}/Podfile.lock",
				"${PODS_ROOT}/Manifest.lock",
			);
			name = "[CP] Check Pods Manifest.lock";
			outputPaths = (
				"$(DERIVED_FILE_DIR)/Pods-SimpleTwitterClient-checkManifestLockResult.txt",
			);
			runOnlyForDeploymentPostprocessing = 0;
			shellPath = /bin/sh;
			shellScript = "diff \"${PODS_PODFILE_DIR_PATH}/Podfile.lock\" \"${PODS_ROOT}/Manifest.lock\" > /dev/null\nif [ $? != 0 ] ; then\n    # print error to STDERR\n    echo \"error: The sandbox is not in sync with the Podfile.lock. Run 'pod install' or update your CocoaPods installation.\" >&2\n    exit 1\nfi\n# This output is used by Xcode 'outputs' to avoid re-running this script phase.\necho \"SUCCESS\" > \"${SCRIPT_OUTPUT_FILE_0}\"\n";
			showEnvVarsInLog = 0;
		};
		6807BA25C51DADC8EAB4559B /* [CP] Embed Pods Frameworks */ = {
			isa = PBXShellScriptBuildPhase;
			buildActionMask = 2147483647;
			files = (
			);
			inputPaths = (
				"${SRCROOT}/Pods/Target Support Files/Pods-SimpleTwitterClient/Pods-SimpleTwitterClient-frameworks.sh",
				"${BUILT_PRODUCTS_DIR}/AFNetworking/AFNetworking.framework",
				"${BUILT_PRODUCTS_DIR}/BDBOAuth1Manager/BDBOAuth1Manager.framework",
			);
			name = "[CP] Embed Pods Frameworks";
			outputPaths = (
				"${TARGET_BUILD_DIR}/${FRAMEWORKS_FOLDER_PATH}/AFNetworking.framework",
				"${TARGET_BUILD_DIR}/${FRAMEWORKS_FOLDER_PATH}/BDBOAuth1Manager.framework",
			);
			runOnlyForDeploymentPostprocessing = 0;
			shellPath = /bin/sh;
			shellScript = "\"${SRCROOT}/Pods/Target Support Files/Pods-SimpleTwitterClient/Pods-SimpleTwitterClient-frameworks.sh\"\n";
			showEnvVarsInLog = 0;
		};
		D022D3DE1B3C3CC87C21A995 /* [CP] Copy Pods Resources */ = {
			isa = PBXShellScriptBuildPhase;
			buildActionMask = 2147483647;
			files = (
			);
			inputPaths = (
			);
			name = "[CP] Copy Pods Resources";
			outputPaths = (
			);
			runOnlyForDeploymentPostprocessing = 0;
			shellPath = /bin/sh;
			shellScript = "\"${SRCROOT}/Pods/Target Support Files/Pods-SimpleTwitterClient/Pods-SimpleTwitterClient-resources.sh\"\n";
			showEnvVarsInLog = 0;
		};
/* End PBXShellScriptBuildPhase section */

/* Begin PBXSourcesBuildPhase section */
		DF0C68F01F79803100AF1037 /* Sources */ = {
			isa = PBXSourcesBuildPhase;
			buildActionMask = 2147483647;
			files = (
				DF0C69131F79B75000AF1037 /* TwitterClient.swift in Sources */,
				DF0C690A1F79821100AF1037 /* LoginViewController.swift in Sources */,
				DF0C68F81F79803100AF1037 /* AppDelegate.swift in Sources */,
				DF0C690F1F79AD4E00AF1037 /* User.swift in Sources */,
				DF0C69111F79B09F00AF1037 /* Tweet.swift in Sources */,
			);
			runOnlyForDeploymentPostprocessing = 0;
		};
/* End PBXSourcesBuildPhase section */

/* Begin PBXVariantGroup section */
		DF0C68FB1F79803100AF1037 /* Main.storyboard */ = {
			isa = PBXVariantGroup;
			children = (
				DF0C68FC1F79803100AF1037 /* Base */,
			);
			name = Main.storyboard;
			sourceTree = "<group>";
		};
		DF0C69001F79803100AF1037 /* LaunchScreen.storyboard */ = {
			isa = PBXVariantGroup;
			children = (
				DF0C69011F79803100AF1037 /* Base */,
			);
			name = LaunchScreen.storyboard;
			sourceTree = "<group>";
		};
/* End PBXVariantGroup section */

/* Begin XCBuildConfiguration section */
		DF0C69041F79803100AF1037 /* Debug */ = {
			isa = XCBuildConfiguration;
			buildSettings = {
				ALWAYS_SEARCH_USER_PATHS = NO;
				CLANG_ANALYZER_NONNULL = YES;
				CLANG_ANALYZER_NUMBER_OBJECT_CONVERSION = YES_AGGRESSIVE;
				CLANG_CXX_LANGUAGE_STANDARD = "gnu++0x";
				CLANG_CXX_LIBRARY = "libc++";
				CLANG_ENABLE_MODULES = YES;
				CLANG_ENABLE_OBJC_ARC = YES;
				CLANG_WARN_BOOL_CONVERSION = YES;
				CLANG_WARN_CONSTANT_CONVERSION = YES;
				CLANG_WARN_DIRECT_OBJC_ISA_USAGE = YES_ERROR;
				CLANG_WARN_DOCUMENTATION_COMMENTS = YES;
				CLANG_WARN_EMPTY_BODY = YES;
				CLANG_WARN_ENUM_CONVERSION = YES;
				CLANG_WARN_INFINITE_RECURSION = YES;
				CLANG_WARN_INT_CONVERSION = YES;
				CLANG_WARN_OBJC_ROOT_CLASS = YES_ERROR;
				CLANG_WARN_SUSPICIOUS_MOVE = YES;
				CLANG_WARN_UNREACHABLE_CODE = YES;
				CLANG_WARN__DUPLICATE_METHOD_MATCH = YES;
				"CODE_SIGN_IDENTITY[sdk=iphoneos*]" = "iPhone Developer";
				COPY_PHASE_STRIP = NO;
				DEBUG_INFORMATION_FORMAT = dwarf;
				ENABLE_STRICT_OBJC_MSGSEND = YES;
				ENABLE_TESTABILITY = YES;
				GCC_C_LANGUAGE_STANDARD = gnu99;
				GCC_DYNAMIC_NO_PIC = NO;
				GCC_NO_COMMON_BLOCKS = YES;
				GCC_OPTIMIZATION_LEVEL = 0;
				GCC_PREPROCESSOR_DEFINITIONS = (
					"DEBUG=1",
					"$(inherited)",
				);
				GCC_WARN_64_TO_32_BIT_CONVERSION = YES;
				GCC_WARN_ABOUT_RETURN_TYPE = YES_ERROR;
				GCC_WARN_UNDECLARED_SELECTOR = YES;
				GCC_WARN_UNINITIALIZED_AUTOS = YES_AGGRESSIVE;
				GCC_WARN_UNUSED_FUNCTION = YES;
				GCC_WARN_UNUSED_VARIABLE = YES;
				IPHONEOS_DEPLOYMENT_TARGET = 10.3;
				MTL_ENABLE_DEBUG_INFO = YES;
				ONLY_ACTIVE_ARCH = YES;
				SDKROOT = iphoneos;
				SWIFT_ACTIVE_COMPILATION_CONDITIONS = DEBUG;
				SWIFT_OPTIMIZATION_LEVEL = "-Onone";
			};
			name = Debug;
		};
		DF0C69051F79803100AF1037 /* Release */ = {
			isa = XCBuildConfiguration;
			buildSettings = {
				ALWAYS_SEARCH_USER_PATHS = NO;
				CLANG_ANALYZER_NONNULL = YES;
				CLANG_ANALYZER_NUMBER_OBJECT_CONVERSION = YES_AGGRESSIVE;
				CLANG_CXX_LANGUAGE_STANDARD = "gnu++0x";
				CLANG_CXX_LIBRARY = "libc++";
				CLANG_ENABLE_MODULES = YES;
				CLANG_ENABLE_OBJC_ARC = YES;
				CLANG_WARN_BOOL_CONVERSION = YES;
				CLANG_WARN_CONSTANT_CONVERSION = YES;
				CLANG_WARN_DIRECT_OBJC_ISA_USAGE = YES_ERROR;
				CLANG_WARN_DOCUMENTATION_COMMENTS = YES;
				CLANG_WARN_EMPTY_BODY = YES;
				CLANG_WARN_ENUM_CONVERSION = YES;
				CLANG_WARN_INFINITE_RECURSION = YES;
				CLANG_WARN_INT_CONVERSION = YES;
				CLANG_WARN_OBJC_ROOT_CLASS = YES_ERROR;
				CLANG_WARN_SUSPICIOUS_MOVE = YES;
				CLANG_WARN_UNREACHABLE_CODE = YES;
				CLANG_WARN__DUPLICATE_METHOD_MATCH = YES;
				"CODE_SIGN_IDENTITY[sdk=iphoneos*]" = "iPhone Developer";
				COPY_PHASE_STRIP = NO;
				DEBUG_INFORMATION_FORMAT = "dwarf-with-dsym";
				ENABLE_NS_ASSERTIONS = NO;
				ENABLE_STRICT_OBJC_MSGSEND = YES;
				GCC_C_LANGUAGE_STANDARD = gnu99;
				GCC_NO_COMMON_BLOCKS = YES;
				GCC_WARN_64_TO_32_BIT_CONVERSION = YES;
				GCC_WARN_ABOUT_RETURN_TYPE = YES_ERROR;
				GCC_WARN_UNDECLARED_SELECTOR = YES;
				GCC_WARN_UNINITIALIZED_AUTOS = YES_AGGRESSIVE;
				GCC_WARN_UNUSED_FUNCTION = YES;
				GCC_WARN_UNUSED_VARIABLE = YES;
				IPHONEOS_DEPLOYMENT_TARGET = 10.3;
				MTL_ENABLE_DEBUG_INFO = NO;
				SDKROOT = iphoneos;
				SWIFT_OPTIMIZATION_LEVEL = "-Owholemodule";
				VALIDATE_PRODUCT = YES;
			};
			name = Release;
		};
		DF0C69071F79803100AF1037 /* Debug */ = {
			isa = XCBuildConfiguration;
			baseConfigurationReference = A4FE5BE1C6DAB9DAFB207311 /* Pods-SimpleTwitterClient.debug.xcconfig */;
			buildSettings = {
				ASSETCATALOG_COMPILER_APPICON_NAME = AppIcon;
				DEVELOPMENT_TEAM = 8F2PWFTJG8;
				INFOPLIST_FILE = SimpleTwitterClient/Info.plist;
				LD_RUNPATH_SEARCH_PATHS = "$(inherited) @executable_path/Frameworks";
				PRODUCT_BUNDLE_IDENTIFIER = "com.diana-fisher.SimpleTwitterClient";
				PRODUCT_NAME = "$(TARGET_NAME)";
				SWIFT_VERSION = 3.0;
			};
			name = Debug;
		};
		DF0C69081F79803100AF1037 /* Release */ = {
			isa = XCBuildConfiguration;
			baseConfigurationReference = BB2AED4CE675E87B3D77DCFD /* Pods-SimpleTwitterClient.release.xcconfig */;
			buildSettings = {
				ASSETCATALOG_COMPILER_APPICON_NAME = AppIcon;
				DEVELOPMENT_TEAM = 8F2PWFTJG8;
				INFOPLIST_FILE = SimpleTwitterClient/Info.plist;
				LD_RUNPATH_SEARCH_PATHS = "$(inherited) @executable_path/Frameworks";
				PRODUCT_BUNDLE_IDENTIFIER = "com.diana-fisher.SimpleTwitterClient";
				PRODUCT_NAME = "$(TARGET_NAME)";
				SWIFT_VERSION = 3.0;
			};
			name = Release;
		};
/* End XCBuildConfiguration section */

/* Begin XCConfigurationList section */
		DF0C68EF1F79803100AF1037 /* Build configuration list for PBXProject "SimpleTwitterClient" */ = {
			isa = XCConfigurationList;
			buildConfigurations = (
				DF0C69041F79803100AF1037 /* Debug */,
				DF0C69051F79803100AF1037 /* Release */,
			);
			defaultConfigurationIsVisible = 0;
			defaultConfigurationName = Release;
		};
		DF0C69061F79803100AF1037 /* Build configuration list for PBXNativeTarget "SimpleTwitterClient" */ = {
			isa = XCConfigurationList;
			buildConfigurations = (
				DF0C69071F79803100AF1037 /* Debug */,
				DF0C69081F79803100AF1037 /* Release */,
			);
			defaultConfigurationIsVisible = 0;
			defaultConfigurationName = Release;
		};
/* End XCConfigurationList section */
	};
	rootObject = DF0C68EC1F79803100AF1037 /* Project object */;
}
